
Microsoft Visual Studio Solution File, Format Version 12.00
# Visual Studio Version 17
VisualStudioVersion = 17.14.37012.4
MinimumVisualStudioVersion = 10.0.40219.1
Project("{FAE04EC0-301F-11D3-BF4B-00C04F79EFBC}") = "SE5-C", "SE5-C\SE5-C.csproj", "{8E205B92-D513-4AC9-9D70-B620DC608E49}"
EndProject
Project("{888888A0-9F3D-457C-B088-3A5042F75D52}") = "SE5-PY", "SE5-PY\SE5-PY.pyproj", "{E5D39D6A-E064-49D2-AA15-2BD18AFA5487}"
EndProject
Project("{888888A0-9F3D-457C-B088-3A5042F75D52}") = "SE6-PY", "SE6-PY\SE6-PY.pyproj", "{2AE9DF00-1BF4-4238-8DBB-3E3889D93F64}"
EndProject
Global
	GlobalSection(SolutionConfigurationPlatforms) = preSolution
		Debug|Any CPU = Debug|Any CPU
		Release|Any CPU = Release|Any CPU
	EndGlobalSection
	GlobalSection(ProjectConfigurationPlatforms) = postSolution
		{8E205B92-D513-4AC9-9D70-B620DC608E49}.Debug|Any CPU.ActiveCfg = Debug|Any CPU
		{8E205B92-D513-4AC9-9D70-B620DC608E49}.Debug|Any CPU.Build.0 = Debug|Any CPU
		{8E205B92-D513-4AC9-9D70-B620DC608E49}.Release|Any CPU.ActiveCfg = Release|Any CPU
		{8E205B92-D513-4AC9-9D70-B620DC608E49}.Release|Any CPU.Build.0 = Release|Any CPU
		{E5D39D6A-E064-49D2-AA15-2BD18AFA5487}.Debug|Any CPU.ActiveCfg = Debug|Any CPU
		{E5D39D6A-E064-49D2-AA15-2BD18AFA5487}.Release|Any CPU.ActiveCfg = Release|Any CPU
		{2AE9DF00-1BF4-4238-8DBB-3E3889D93F64}.Debug|Any CPU.ActiveCfg = Debug|Any CPU
		{2AE9DF00-1BF4-4238-8DBB-3E3889D93F64}.Release|Any CPU.ActiveCfg = Release|Any CPU
	EndGlobalSection
	GlobalSection(SolutionProperties) = preSolution
		HideSolutionNode = FALSE
	EndGlobalSection
	GlobalSection(ExtensibilityGlobals) = postSolution
		SolutionGuid = {3C997AEF-DA25-4959-B9BE-E71BF9B45EC4}
	EndGlobalSection
EndGlobal
